
Microsoft Visual Studio Solution File, Format Version 12.00
# Visual Studio Version 17
VisualStudioVersion = 17.7.34221.43
MinimumVisualStudioVersion = 10.0.40219.1
Project("{FAE04EC0-301F-11D3-BF4B-00C04F79EFBC}") = "FP_02_2021_2022", "FP_02_2021_2022\FP_02_2021_2022.csproj", "{84B14E17-E6CD-4C78-8DA4-11896BABF5E4}"
EndProject
Global
	GlobalSection(SolutionConfigurationPlatforms) = preSolution
		Debug|Any CPU = Debug|Any CPU
		Release|Any CPU = Release|Any CPU
	EndGlobalSection
	GlobalSection(ProjectConfigurationPlatforms) = postSolution
		{84B14E17-E6CD-4C78-8DA4-11896BABF5E4}.Debug|Any CPU.ActiveCfg = Debug|Any CPU
		{84B14E17-E6CD-4C78-8DA4-11896BABF5E4}.Debug|Any CPU.Build.0 = Debug|Any CPU
		{84B14E17-E6CD-4C78-8DA4-11896BABF5E4}.Release|Any CPU.ActiveCfg = Release|Any CPU
		{84B14E17-E6CD-4C78-8DA4-11896BABF5E4}.Release|Any CPU.Build.0 = Release|Any CPU
	EndGlobalSection
	GlobalSection(SolutionProperties) = preSolution
		HideSolutionNode = FALSE
	EndGlobalSection
	GlobalSection(ExtensibilityGlobals) = postSolution
		SolutionGuid = {EE0C0266-CF3D-4A48-AD0B-D3EEC7E5E966}
	EndGlobalSection
EndGlobal
