
Microsoft Visual Studio Solution File, Format Version 12.00
# Visual Studio Version 17
VisualStudioVersion = 17.7.34221.43
MinimumVisualStudioVersion = 10.0.40219.1
Project("{FAE04EC0-301F-11D3-BF4B-00C04F79EFBC}") = "FP_01_2022_2023", "FP_01_2022_2023\FP_01_2022_2023.csproj", "{B1DCC82A-CD75-4CA5-B5AF-DF5581E9BE0C}"
EndProject
Global
	GlobalSection(SolutionConfigurationPlatforms) = preSolution
		Debug|Any CPU = Debug|Any CPU
		Release|Any CPU = Release|Any CPU
	EndGlobalSection
	GlobalSection(ProjectConfigurationPlatforms) = postSolution
		{B1DCC82A-CD75-4CA5-B5AF-DF5581E9BE0C}.Debug|Any CPU.ActiveCfg = Debug|Any CPU
		{B1DCC82A-CD75-4CA5-B5AF-DF5581E9BE0C}.Debug|Any CPU.Build.0 = Debug|Any CPU
		{B1DCC82A-CD75-4CA5-B5AF-DF5581E9BE0C}.Release|Any CPU.ActiveCfg = Release|Any CPU
		{B1DCC82A-CD75-4CA5-B5AF-DF5581E9BE0C}.Release|Any CPU.Build.0 = Release|Any CPU
	EndGlobalSection
	GlobalSection(SolutionProperties) = preSolution
		HideSolutionNode = FALSE
	EndGlobalSection
	GlobalSection(ExtensibilityGlobals) = postSolution
		SolutionGuid = {3637613D-08BF-42CF-A144-528B186A9EC2}
	EndGlobalSection
EndGlobal
