
Microsoft Visual Studio Solution File, Format Version 12.00
# Visual Studio Version 17
VisualStudioVersion = 17.7.34031.279
MinimumVisualStudioVersion = 10.0.40219.1
Project("{FAE04EC0-301F-11D3-BF4B-00C04F79EFBC}") = "TP_03", "TP_03.csproj", "{5CF08C80-7261-4FE9-8FB0-9CA8F4C0C37C}"
EndProject
Global
	GlobalSection(SolutionConfigurationPlatforms) = preSolution
		Debug|Any CPU = Debug|Any CPU
		Release|Any CPU = Release|Any CPU
	EndGlobalSection
	GlobalSection(ProjectConfigurationPlatforms) = postSolution
		{5CF08C80-7261-4FE9-8FB0-9CA8F4C0C37C}.Debug|Any CPU.ActiveCfg = Debug|Any CPU
		{5CF08C80-7261-4FE9-8FB0-9CA8F4C0C37C}.Debug|Any CPU.Build.0 = Debug|Any CPU
		{5CF08C80-7261-4FE9-8FB0-9CA8F4C0C37C}.Release|Any CPU.ActiveCfg = Release|Any CPU
		{5CF08C80-7261-4FE9-8FB0-9CA8F4C0C37C}.Release|Any CPU.Build.0 = Release|Any CPU
	EndGlobalSection
	GlobalSection(SolutionProperties) = preSolution
		HideSolutionNode = FALSE
	EndGlobalSection
	GlobalSection(ExtensibilityGlobals) = postSolution
		SolutionGuid = {C48E326E-1F68-4DA9-8AFA-9B86DC957D39}
	EndGlobalSection
EndGlobal
